
Microsoft Visual Studio Solution File, Format Version 12.00
# Visual Studio Version 17
VisualStudioVersion = 17.13.35825.156 d17.13
MinimumVisualStudioVersion = 10.0.40219.1
Project("{FAE04EC0-301F-11D3-BF4B-00C04F79EFBC}") = "alpha_project", "alpha_project\alpha_project.csproj", "{FBD37809-3C90-466A-B75C-359D958391DD}"
EndProject
Project("{FAE04EC0-301F-11D3-BF4B-00C04F79EFBC}") = "Data", "Data\Data.csproj", "{D084A9B1-1340-4B05-9EAD-9AF9B1E294FF}"
EndProject
Project("{FAE04EC0-301F-11D3-BF4B-00C04F79EFBC}") = "Business", "Business\Business.csproj", "{94AC9E52-B967-4981-8938-C778867FBE1D}"
EndProject
Global
	GlobalSection(SolutionConfigurationPlatforms) = preSolution
		Debug|Any CPU = Debug|Any CPU
		Release|Any CPU = Release|Any CPU
	EndGlobalSection
	GlobalSection(ProjectConfigurationPlatforms) = postSolution
		{FBD37809-3C90-466A-B75C-359D958391DD}.Debug|Any CPU.ActiveCfg = Debug|Any CPU
		{FBD37809-3C90-466A-B75C-359D958391DD}.Debug|Any CPU.Build.0 = Debug|Any CPU
		{FBD37809-3C90-466A-B75C-359D958391DD}.Release|Any CPU.ActiveCfg = Release|Any CPU
		{FBD37809-3C90-466A-B75C-359D958391DD}.Release|Any CPU.Build.0 = Release|Any CPU
		{D084A9B1-1340-4B05-9EAD-9AF9B1E294FF}.Debug|Any CPU.ActiveCfg = Debug|Any CPU
		{D084A9B1-1340-4B05-9EAD-9AF9B1E294FF}.Debug|Any CPU.Build.0 = Debug|Any CPU
		{D084A9B1-1340-4B05-9EAD-9AF9B1E294FF}.Release|Any CPU.ActiveCfg = Release|Any CPU
		{D084A9B1-1340-4B05-9EAD-9AF9B1E294FF}.Release|Any CPU.Build.0 = Release|Any CPU
		{94AC9E52-B967-4981-8938-C778867FBE1D}.Debug|Any CPU.ActiveCfg = Debug|Any CPU
		{94AC9E52-B967-4981-8938-C778867FBE1D}.Debug|Any CPU.Build.0 = Debug|Any CPU
		{94AC9E52-B967-4981-8938-C778867FBE1D}.Release|Any CPU.ActiveCfg = Release|Any CPU
		{94AC9E52-B967-4981-8938-C778867FBE1D}.Release|Any CPU.Build.0 = Release|Any CPU
	EndGlobalSection
	GlobalSection(SolutionProperties) = preSolution
		HideSolutionNode = FALSE
	EndGlobalSection
	GlobalSection(ExtensibilityGlobals) = postSolution
		SolutionGuid = {B58335C8-786A-4BCA-A7B9-230486A32840}
	EndGlobalSection
EndGlobal
